
Microsoft Visual Studio Solution File, Format Version 12.00
# Visual Studio 2013
Project("{FAE04EC0-301F-11D3-BF4B-00C04F79EFBC}") = "Configuracao", "Configuracao\Configuracao.csproj", "{D73EDCC9-8660-4AE7-B2D4-56F907F5DB5C}"
EndProject
Project("{FAE04EC0-301F-11D3-BF4B-00C04F79EFBC}") = "ComponentesUI", "ComponentesUI\ComponentesUI.csproj", "{AC5535DB-B7AE-4096-9532-AFFB4C282DB9}"
EndProject
Project("{FAE04EC0-301F-11D3-BF4B-00C04F79EFBC}") = "Blocos.Autenticacao", "Blocos.Autentication\Blocos.Autenticacao.csproj", "{722BEFCA-5026-44E7-B158-C9DA30D20C3F}"
EndProject
Project("{FAE04EC0-301F-11D3-BF4B-00C04F79EFBC}") = "Perfil", "Perfil\Perfil.csproj", "{5038A24C-72AC-4AAB-8559-02B6C9243CA4}"
EndProject
Project("{FAE04EC0-301F-11D3-BF4B-00C04F79EFBC}") = "Blocos.Arquivo", "Blocos.Arquivo\Blocos.Arquivo.csproj", "{F38DAC7C-37E2-4FB9-9F56-48CC7A6980F2}"
EndProject
Project("{FAE04EC0-301F-11D3-BF4B-00C04F79EFBC}") = "Blocos.Etx", "Blocos.Etx\Blocos.Etx.csproj", "{7F898E80-F828-4618-B27B-2D039DCB461E}"
EndProject
Project("{FAE04EC0-301F-11D3-BF4B-00C04F79EFBC}") = "Blocos.RelatorioPersonalizado", "Blocos.RelatorioPersonalizado\Blocos.RelatorioPersonalizado.csproj", "{FB73D983-D237-46A6-A2D4-C1D80F4D38E6}"
	ProjectSection(ProjectDependencies) = postProject
		{0A44B61F-AFF9-4C23-9DC5-FD5B871F124C} = {0A44B61F-AFF9-4C23-9DC5-FD5B871F124C}
	EndProjectSection
EndProject
Project("{2150E333-8FDC-42A3-9474-1A3956D46DE8}") = "Solution Items", "Solution Items", "{B23E01D2-DC76-4458-A315-BCCBC217F554}"
EndProject
Project("{FAE04EC0-301F-11D3-BF4B-00C04F79EFBC}") = "Yogesh.ExcelXml", "Yogesh.ExcelXml\Yogesh.ExcelXml.csproj", "{0A44B61F-AFF9-4C23-9DC5-FD5B871F124C}"
EndProject
Project("{FAE04EC0-301F-11D3-BF4B-00C04F79EFBC}") = "Blocos.Entities", "Blocos.Entities\Blocos.Entities.csproj", "{707F196A-8A05-4B96-92E1-E60335DDC933}"
	ProjectSection(ProjectDependencies) = postProject
		{F38DAC7C-37E2-4FB9-9F56-48CC7A6980F2} = {F38DAC7C-37E2-4FB9-9F56-48CC7A6980F2}
	EndProjectSection
EndProject
Global
	GlobalSection(SubversionScc) = preSolution
		Svn-Managed = True
		Manager = AnkhSVN - Subversion Support for Visual Studio
	EndGlobalSection
	GlobalSection(SolutionConfigurationPlatforms) = preSolution
		Debug|Any CPU = Debug|Any CPU
		Release|Any CPU = Release|Any CPU
	EndGlobalSection
	GlobalSection(ProjectConfigurationPlatforms) = postSolution
		{D73EDCC9-8660-4AE7-B2D4-56F907F5DB5C}.Debug|Any CPU.ActiveCfg = Debug|Any CPU
		{D73EDCC9-8660-4AE7-B2D4-56F907F5DB5C}.Debug|Any CPU.Build.0 = Debug|Any CPU
		{D73EDCC9-8660-4AE7-B2D4-56F907F5DB5C}.Release|Any CPU.ActiveCfg = Release|Any CPU
		{D73EDCC9-8660-4AE7-B2D4-56F907F5DB5C}.Release|Any CPU.Build.0 = Release|Any CPU
		{AC5535DB-B7AE-4096-9532-AFFB4C282DB9}.Debug|Any CPU.ActiveCfg = Debug|Any CPU
		{AC5535DB-B7AE-4096-9532-AFFB4C282DB9}.Debug|Any CPU.Build.0 = Debug|Any CPU
		{AC5535DB-B7AE-4096-9532-AFFB4C282DB9}.Release|Any CPU.ActiveCfg = Release|Any CPU
		{AC5535DB-B7AE-4096-9532-AFFB4C282DB9}.Release|Any CPU.Build.0 = Release|Any CPU
		{722BEFCA-5026-44E7-B158-C9DA30D20C3F}.Debug|Any CPU.ActiveCfg = Debug|Any CPU
		{722BEFCA-5026-44E7-B158-C9DA30D20C3F}.Debug|Any CPU.Build.0 = Debug|Any CPU
		{722BEFCA-5026-44E7-B158-C9DA30D20C3F}.Release|Any CPU.ActiveCfg = Release|Any CPU
		{722BEFCA-5026-44E7-B158-C9DA30D20C3F}.Release|Any CPU.Build.0 = Release|Any CPU
		{5038A24C-72AC-4AAB-8559-02B6C9243CA4}.Debug|Any CPU.ActiveCfg = Debug|Any CPU
		{5038A24C-72AC-4AAB-8559-02B6C9243CA4}.Debug|Any CPU.Build.0 = Debug|Any CPU
		{5038A24C-72AC-4AAB-8559-02B6C9243CA4}.Release|Any CPU.ActiveCfg = Release|Any CPU
		{5038A24C-72AC-4AAB-8559-02B6C9243CA4}.Release|Any CPU.Build.0 = Release|Any CPU
		{F38DAC7C-37E2-4FB9-9F56-48CC7A6980F2}.Debug|Any CPU.ActiveCfg = Debug|Any CPU
		{F38DAC7C-37E2-4FB9-9F56-48CC7A6980F2}.Debug|Any CPU.Build.0 = Debug|Any CPU
		{F38DAC7C-37E2-4FB9-9F56-48CC7A6980F2}.Release|Any CPU.ActiveCfg = Release|Any CPU
		{F38DAC7C-37E2-4FB9-9F56-48CC7A6980F2}.Release|Any CPU.Build.0 = Release|Any CPU
		{7F898E80-F828-4618-B27B-2D039DCB461E}.Debug|Any CPU.ActiveCfg = Debug|Any CPU
		{7F898E80-F828-4618-B27B-2D039DCB461E}.Debug|Any CPU.Build.0 = Debug|Any CPU
		{7F898E80-F828-4618-B27B-2D039DCB461E}.Release|Any CPU.ActiveCfg = Release|Any CPU
		{7F898E80-F828-4618-B27B-2D039DCB461E}.Release|Any CPU.Build.0 = Release|Any CPU
		{FB73D983-D237-46A6-A2D4-C1D80F4D38E6}.Debug|Any CPU.ActiveCfg = Debug|Any CPU
		{FB73D983-D237-46A6-A2D4-C1D80F4D38E6}.Debug|Any CPU.Build.0 = Debug|Any CPU
		{FB73D983-D237-46A6-A2D4-C1D80F4D38E6}.Release|Any CPU.ActiveCfg = Release|Any CPU
		{FB73D983-D237-46A6-A2D4-C1D80F4D38E6}.Release|Any CPU.Build.0 = Release|Any CPU
		{0A44B61F-AFF9-4C23-9DC5-FD5B871F124C}.Debug|Any CPU.ActiveCfg = Debug|Any CPU
		{0A44B61F-AFF9-4C23-9DC5-FD5B871F124C}.Debug|Any CPU.Build.0 = Debug|Any CPU
		{0A44B61F-AFF9-4C23-9DC5-FD5B871F124C}.Release|Any CPU.ActiveCfg = Release|Any CPU
		{0A44B61F-AFF9-4C23-9DC5-FD5B871F124C}.Release|Any CPU.Build.0 = Release|Any CPU
		{707F196A-8A05-4B96-92E1-E60335DDC933}.Debug|Any CPU.ActiveCfg = Debug|Any CPU
		{707F196A-8A05-4B96-92E1-E60335DDC933}.Debug|Any CPU.Build.0 = Debug|Any CPU
		{707F196A-8A05-4B96-92E1-E60335DDC933}.Release|Any CPU.ActiveCfg = Release|Any CPU
		{707F196A-8A05-4B96-92E1-E60335DDC933}.Release|Any CPU.Build.0 = Release|Any CPU
	EndGlobalSection
	GlobalSection(SolutionProperties) = preSolution
		HideSolutionNode = FALSE
	EndGlobalSection
EndGlobal
