
Microsoft Visual Studio Solution File, Format Version 11.00
# Visual Studio 2010
Project("{FAE04EC0-301F-11D3-BF4B-00C04F79EFBC}") = "ProcessControl", "..\ProcessControl\ProcessControl.csproj", "{CE6F2145-9A02-4CF1-9EB7-D09454231012}"
EndProject
Project("{FAE04EC0-301F-11D3-BF4B-00C04F79EFBC}") = "ProcessOperacoesGeo", "..\ProcessOperacoesGeo\ProcessOperacoesGeo.csproj", "{0170D9A1-DC16-488C-9EC3-2DE021874693}"
EndProject
Project("{FAE04EC0-301F-11D3-BF4B-00C04F79EFBC}") = "SVCOperacoesGeo", "..\SVCOperacoesGeo\SVCOperacoesGeo.csproj", "{81007FED-B399-4E3C-8564-D3838F87C45F}"
EndProject
Project("{FAE04EC0-301F-11D3-BF4B-00C04F79EFBC}") = "Utilitarios", "..\Utilitarios\Utilitarios.csproj", "{9F43A484-98E8-4389-B4E1-F11FBF6F7603}"
EndProject
Project("{2150E333-8FDC-42A3-9474-1A3956D46DE8}") = "Solution Items", "Solution Items", "{339B3E0D-443C-4B9F-97AB-C421D51AFF6F}"
	ProjectSection(SolutionItems) = preProject
		DLLs\ICSharpCode.SharpZipLib.dll = DLLs\ICSharpCode.SharpZipLib.dll
		DLLs\itextsharp.dll = DLLs\itextsharp.dll
		DLLs\Tecnomapas.ArcGis.dll = DLLs\Tecnomapas.ArcGis.dll
		DLLs\Tecnomapas.Blocos.Arquivo.dll = DLLs\Tecnomapas.Blocos.Arquivo.dll
	EndProjectSection
EndProject
Project("{54435603-DBB4-11D2-8724-00A0C9A8B90C}") = "SetupServicoGeo", "SetupServicoGeo\SetupServicoGeo.vdproj", "{F664E445-EA59-46A8-9545-9DFA65AEB508}"
	ProjectSection(ProjectDependencies) = postProject
		{9F43A484-98E8-4389-B4E1-F11FBF6F7603} = {9F43A484-98E8-4389-B4E1-F11FBF6F7603}
	EndProjectSection
EndProject
Global
	GlobalSection(SolutionConfigurationPlatforms) = preSolution
		Debug|Any CPU = Debug|Any CPU
		Debug|Mixed Platforms = Debug|Mixed Platforms
		Debug|x86 = Debug|x86
		Release|Any CPU = Release|Any CPU
		Release|Mixed Platforms = Release|Mixed Platforms
		Release|x86 = Release|x86
	EndGlobalSection
	GlobalSection(ProjectConfigurationPlatforms) = postSolution
		{CE6F2145-9A02-4CF1-9EB7-D09454231012}.Debug|Any CPU.ActiveCfg = Debug|Any CPU
		{CE6F2145-9A02-4CF1-9EB7-D09454231012}.Debug|Any CPU.Build.0 = Debug|Any CPU
		{CE6F2145-9A02-4CF1-9EB7-D09454231012}.Debug|Mixed Platforms.ActiveCfg = Debug|x86
		{CE6F2145-9A02-4CF1-9EB7-D09454231012}.Debug|Mixed Platforms.Build.0 = Debug|x86
		{CE6F2145-9A02-4CF1-9EB7-D09454231012}.Debug|x86.ActiveCfg = Debug|x86
		{CE6F2145-9A02-4CF1-9EB7-D09454231012}.Debug|x86.Build.0 = Debug|x86
		{CE6F2145-9A02-4CF1-9EB7-D09454231012}.Release|Any CPU.ActiveCfg = Release|x86
		{CE6F2145-9A02-4CF1-9EB7-D09454231012}.Release|Any CPU.Build.0 = Release|x86
		{CE6F2145-9A02-4CF1-9EB7-D09454231012}.Release|Mixed Platforms.ActiveCfg = Release|x86
		{CE6F2145-9A02-4CF1-9EB7-D09454231012}.Release|Mixed Platforms.Build.0 = Release|x86
		{CE6F2145-9A02-4CF1-9EB7-D09454231012}.Release|x86.ActiveCfg = Release|x86
		{CE6F2145-9A02-4CF1-9EB7-D09454231012}.Release|x86.Build.0 = Release|x86
		{0170D9A1-DC16-488C-9EC3-2DE021874693}.Debug|Any CPU.ActiveCfg = Debug|x86
		{0170D9A1-DC16-488C-9EC3-2DE021874693}.Debug|Mixed Platforms.ActiveCfg = Debug|x86
		{0170D9A1-DC16-488C-9EC3-2DE021874693}.Debug|Mixed Platforms.Build.0 = Debug|x86
		{0170D9A1-DC16-488C-9EC3-2DE021874693}.Debug|x86.ActiveCfg = Debug|x86
		{0170D9A1-DC16-488C-9EC3-2DE021874693}.Debug|x86.Build.0 = Debug|x86
		{0170D9A1-DC16-488C-9EC3-2DE021874693}.Release|Any CPU.ActiveCfg = Release|x86
		{0170D9A1-DC16-488C-9EC3-2DE021874693}.Release|Any CPU.Build.0 = Release|x86
		{0170D9A1-DC16-488C-9EC3-2DE021874693}.Release|Mixed Platforms.ActiveCfg = Release|x86
		{0170D9A1-DC16-488C-9EC3-2DE021874693}.Release|Mixed Platforms.Build.0 = Release|x86
		{0170D9A1-DC16-488C-9EC3-2DE021874693}.Release|x86.ActiveCfg = Release|x86
		{0170D9A1-DC16-488C-9EC3-2DE021874693}.Release|x86.Build.0 = Release|x86
		{81007FED-B399-4E3C-8564-D3838F87C45F}.Debug|Any CPU.ActiveCfg = Debug|x86
		{81007FED-B399-4E3C-8564-D3838F87C45F}.Debug|Mixed Platforms.ActiveCfg = Debug|x86
		{81007FED-B399-4E3C-8564-D3838F87C45F}.Debug|Mixed Platforms.Build.0 = Debug|x86
		{81007FED-B399-4E3C-8564-D3838F87C45F}.Debug|x86.ActiveCfg = Debug|x86
		{81007FED-B399-4E3C-8564-D3838F87C45F}.Debug|x86.Build.0 = Debug|x86
		{81007FED-B399-4E3C-8564-D3838F87C45F}.Release|Any CPU.ActiveCfg = Release|x86
		{81007FED-B399-4E3C-8564-D3838F87C45F}.Release|Any CPU.Build.0 = Release|x86
		{81007FED-B399-4E3C-8564-D3838F87C45F}.Release|Mixed Platforms.ActiveCfg = Release|x86
		{81007FED-B399-4E3C-8564-D3838F87C45F}.Release|Mixed Platforms.Build.0 = Release|x86
		{81007FED-B399-4E3C-8564-D3838F87C45F}.Release|x86.ActiveCfg = Release|x86
		{81007FED-B399-4E3C-8564-D3838F87C45F}.Release|x86.Build.0 = Release|x86
		{9F43A484-98E8-4389-B4E1-F11FBF6F7603}.Debug|Any CPU.ActiveCfg = Debug|Any CPU
		{9F43A484-98E8-4389-B4E1-F11FBF6F7603}.Debug|Any CPU.Build.0 = Debug|Any CPU
		{9F43A484-98E8-4389-B4E1-F11FBF6F7603}.Debug|Mixed Platforms.ActiveCfg = Debug|x86
		{9F43A484-98E8-4389-B4E1-F11FBF6F7603}.Debug|Mixed Platforms.Build.0 = Debug|x86
		{9F43A484-98E8-4389-B4E1-F11FBF6F7603}.Debug|x86.ActiveCfg = Debug|x86
		{9F43A484-98E8-4389-B4E1-F11FBF6F7603}.Debug|x86.Build.0 = Debug|x86
		{9F43A484-98E8-4389-B4E1-F11FBF6F7603}.Release|Any CPU.ActiveCfg = Release|x86
		{9F43A484-98E8-4389-B4E1-F11FBF6F7603}.Release|Any CPU.Build.0 = Release|x86
		{9F43A484-98E8-4389-B4E1-F11FBF6F7603}.Release|Mixed Platforms.ActiveCfg = Release|x86
		{9F43A484-98E8-4389-B4E1-F11FBF6F7603}.Release|Mixed Platforms.Build.0 = Release|x86
		{9F43A484-98E8-4389-B4E1-F11FBF6F7603}.Release|x86.ActiveCfg = Release|x86
		{9F43A484-98E8-4389-B4E1-F11FBF6F7603}.Release|x86.Build.0 = Release|x86
		{F664E445-EA59-46A8-9545-9DFA65AEB508}.Debug|Any CPU.ActiveCfg = Debug
		{F664E445-EA59-46A8-9545-9DFA65AEB508}.Debug|Any CPU.Build.0 = Debug
		{F664E445-EA59-46A8-9545-9DFA65AEB508}.Debug|Mixed Platforms.ActiveCfg = Debug
		{F664E445-EA59-46A8-9545-9DFA65AEB508}.Debug|x86.ActiveCfg = Debug
		{F664E445-EA59-46A8-9545-9DFA65AEB508}.Debug|x86.Build.0 = Debug
		{F664E445-EA59-46A8-9545-9DFA65AEB508}.Release|Any CPU.ActiveCfg = Release
		{F664E445-EA59-46A8-9545-9DFA65AEB508}.Release|Any CPU.Build.0 = Release
		{F664E445-EA59-46A8-9545-9DFA65AEB508}.Release|Mixed Platforms.ActiveCfg = Release
		{F664E445-EA59-46A8-9545-9DFA65AEB508}.Release|x86.ActiveCfg = Release
		{F664E445-EA59-46A8-9545-9DFA65AEB508}.Release|x86.Build.0 = Release
	EndGlobalSection
	GlobalSection(SolutionProperties) = preSolution
		HideSolutionNode = FALSE
	EndGlobalSection
EndGlobal
