
Microsoft Visual Studio Solution File, Format Version 12.00
# Visual Studio 2012
Project("{FAE04EC0-301F-11D3-BF4B-00C04F79EFBC}") = "Interno.Model", "Model\Interno.Model.csproj", "{1A2007A6-9C00-4169-930C-FC338A1AADA5}"
EndProject
Project("{FAE04EC0-301F-11D3-BF4B-00C04F79EFBC}") = "Interno.Model.Extensoes", "Model.Extencao\Interno.Model.Extensoes.csproj", "{F7BAF119-128E-4151-89B3-35F1367ADD15}"
EndProject
Project("{FAE04EC0-301F-11D3-BF4B-00C04F79EFBC}") = "Interno", "Interno\Interno.csproj", "{7F61F31E-9DC8-4B3E-B372-3A7D4AB889B2}"
	ProjectSection(ProjectDependencies) = postProject
		{7F898E80-F828-4618-B27B-2D039DCB461E} = {7F898E80-F828-4618-B27B-2D039DCB461E}
		{F612A0B1-E198-45D3-8083-30E5C9781B24} = {F612A0B1-E198-45D3-8083-30E5C9781B24}
		{D73EDCC9-8660-4AE7-B2D4-56F907F5DB5C} = {D73EDCC9-8660-4AE7-B2D4-56F907F5DB5C}
	EndProjectSection
EndProject
Project("{FAE04EC0-301F-11D3-BF4B-00C04F79EFBC}") = "Interno.Model.RelatorioIndividual", "Relatorio\Interno.Model.RelatorioIndividual.csproj", "{7F7481CD-3199-43DA-BCB5-1C1C9797BFCE}"
EndProject
Project("{FAE04EC0-301F-11D3-BF4B-00C04F79EFBC}") = "Configuracao", "..\..\lib\src\Configuracao\Configuracao.csproj", "{D73EDCC9-8660-4AE7-B2D4-56F907F5DB5C}"
EndProject
Project("{FAE04EC0-301F-11D3-BF4B-00C04F79EFBC}") = "Blocos.Etx", "..\..\lib\src\Blocos.Etx\Blocos.Etx.csproj", "{7F898E80-F828-4618-B27B-2D039DCB461E}"
EndProject
Project("{FAE04EC0-301F-11D3-BF4B-00C04F79EFBC}") = "Interno.Model.WebService", "Model.WebService\Interno.Model.WebService.csproj", "{F612A0B1-E198-45D3-8083-30E5C9781B24}"
	ProjectSection(ProjectDependencies) = postProject
		{707F196A-8A05-4B96-92E1-E60335DDC933} = {707F196A-8A05-4B96-92E1-E60335DDC933}
		{7F898E80-F828-4618-B27B-2D039DCB461E} = {7F898E80-F828-4618-B27B-2D039DCB461E}
	EndProjectSection
EndProject
Project("{FAE04EC0-301F-11D3-BF4B-00C04F79EFBC}") = "Blocos.Entities", "..\..\lib\src\Blocos.Entities\Blocos.Entities.csproj", "{707F196A-8A05-4B96-92E1-E60335DDC933}"
EndProject
Project("{FAE04EC0-301F-11D3-BF4B-00C04F79EFBC}") = "Perfil", "..\..\lib\src\Perfil\Perfil.csproj", "{5038A24C-72AC-4AAB-8559-02B6C9243CA4}"
EndProject
Project("{FAE04EC0-301F-11D3-BF4B-00C04F79EFBC}") = "Utilities", "..\Utilities\Utilities.csproj", "{A280C318-2D35-475C-B358-5FA69BF9601E}"
EndProject
Project("{FAE04EC0-301F-11D3-BF4B-00C04F79EFBC}") = "Credenciado.Model", "..\Credenciado\Credenciado.Model\Credenciado.Model.csproj", "{60F1014B-FBCC-42C2-95F1-38B6C123C425}"
EndProject
Project("{FAE04EC0-301F-11D3-BF4B-00C04F79EFBC}") = "Credenciado.Model.Extensoes", "..\Credenciado\Credenciado.Model.Extensoes\Credenciado.Model.Extensoes.csproj", "{9C7AF4AF-6757-41FC-953B-5752D5F57B4C}"
EndProject
Project("{FAE04EC0-301F-11D3-BF4B-00C04F79EFBC}") = "Credenciado.Model.WebService", "..\Credenciado\Credenciado.Model.WebService\Credenciado.Model.WebService.csproj", "{D285E05C-D1CA-4CA0-B9EE-C79E9B80B53B}"
EndProject
Project("{FAE04EC0-301F-11D3-BF4B-00C04F79EFBC}") = "Credenciado.Model.RelatorioIndividual", "..\Credenciado\Credenciado.Model.RelatorioIndividual\Credenciado.Model.RelatorioIndividual.csproj", "{5E0F5C2F-0105-4709-9553-48101BB78A4B}"
EndProject
Global
	GlobalSection(SolutionConfigurationPlatforms) = preSolution
		Debug|Any CPU = Debug|Any CPU
		Release|Any CPU = Release|Any CPU
	EndGlobalSection
	GlobalSection(ProjectConfigurationPlatforms) = postSolution
		{1A2007A6-9C00-4169-930C-FC338A1AADA5}.Debug|Any CPU.ActiveCfg = Debug|Any CPU
		{1A2007A6-9C00-4169-930C-FC338A1AADA5}.Debug|Any CPU.Build.0 = Debug|Any CPU
		{1A2007A6-9C00-4169-930C-FC338A1AADA5}.Release|Any CPU.ActiveCfg = Release|Any CPU
		{1A2007A6-9C00-4169-930C-FC338A1AADA5}.Release|Any CPU.Build.0 = Release|Any CPU
		{F7BAF119-128E-4151-89B3-35F1367ADD15}.Debug|Any CPU.ActiveCfg = Debug|Any CPU
		{F7BAF119-128E-4151-89B3-35F1367ADD15}.Debug|Any CPU.Build.0 = Debug|Any CPU
		{F7BAF119-128E-4151-89B3-35F1367ADD15}.Release|Any CPU.ActiveCfg = Release|Any CPU
		{F7BAF119-128E-4151-89B3-35F1367ADD15}.Release|Any CPU.Build.0 = Release|Any CPU
		{7F61F31E-9DC8-4B3E-B372-3A7D4AB889B2}.Debug|Any CPU.ActiveCfg = Debug|Any CPU
		{7F61F31E-9DC8-4B3E-B372-3A7D4AB889B2}.Debug|Any CPU.Build.0 = Debug|Any CPU
		{7F61F31E-9DC8-4B3E-B372-3A7D4AB889B2}.Release|Any CPU.ActiveCfg = Release|Any CPU
		{7F61F31E-9DC8-4B3E-B372-3A7D4AB889B2}.Release|Any CPU.Build.0 = Release|Any CPU
		{7F7481CD-3199-43DA-BCB5-1C1C9797BFCE}.Debug|Any CPU.ActiveCfg = Debug|Any CPU
		{7F7481CD-3199-43DA-BCB5-1C1C9797BFCE}.Debug|Any CPU.Build.0 = Debug|Any CPU
		{7F7481CD-3199-43DA-BCB5-1C1C9797BFCE}.Release|Any CPU.ActiveCfg = Release|Any CPU
		{7F7481CD-3199-43DA-BCB5-1C1C9797BFCE}.Release|Any CPU.Build.0 = Release|Any CPU
		{D73EDCC9-8660-4AE7-B2D4-56F907F5DB5C}.Debug|Any CPU.ActiveCfg = Debug|Any CPU
		{D73EDCC9-8660-4AE7-B2D4-56F907F5DB5C}.Debug|Any CPU.Build.0 = Debug|Any CPU
		{D73EDCC9-8660-4AE7-B2D4-56F907F5DB5C}.Release|Any CPU.ActiveCfg = Release|Any CPU
		{D73EDCC9-8660-4AE7-B2D4-56F907F5DB5C}.Release|Any CPU.Build.0 = Release|Any CPU
		{7F898E80-F828-4618-B27B-2D039DCB461E}.Debug|Any CPU.ActiveCfg = Debug|Any CPU
		{7F898E80-F828-4618-B27B-2D039DCB461E}.Debug|Any CPU.Build.0 = Debug|Any CPU
		{7F898E80-F828-4618-B27B-2D039DCB461E}.Release|Any CPU.ActiveCfg = Release|Any CPU
		{7F898E80-F828-4618-B27B-2D039DCB461E}.Release|Any CPU.Build.0 = Release|Any CPU
		{F612A0B1-E198-45D3-8083-30E5C9781B24}.Debug|Any CPU.ActiveCfg = Debug|Any CPU
		{F612A0B1-E198-45D3-8083-30E5C9781B24}.Debug|Any CPU.Build.0 = Debug|Any CPU
		{F612A0B1-E198-45D3-8083-30E5C9781B24}.Release|Any CPU.ActiveCfg = Release|Any CPU
		{F612A0B1-E198-45D3-8083-30E5C9781B24}.Release|Any CPU.Build.0 = Release|Any CPU
		{707F196A-8A05-4B96-92E1-E60335DDC933}.Debug|Any CPU.ActiveCfg = Debug|Any CPU
		{707F196A-8A05-4B96-92E1-E60335DDC933}.Debug|Any CPU.Build.0 = Debug|Any CPU
		{707F196A-8A05-4B96-92E1-E60335DDC933}.Release|Any CPU.ActiveCfg = Release|Any CPU
		{707F196A-8A05-4B96-92E1-E60335DDC933}.Release|Any CPU.Build.0 = Release|Any CPU
		{5038A24C-72AC-4AAB-8559-02B6C9243CA4}.Debug|Any CPU.ActiveCfg = Debug|Any CPU
		{5038A24C-72AC-4AAB-8559-02B6C9243CA4}.Debug|Any CPU.Build.0 = Debug|Any CPU
		{5038A24C-72AC-4AAB-8559-02B6C9243CA4}.Release|Any CPU.ActiveCfg = Release|Any CPU
		{5038A24C-72AC-4AAB-8559-02B6C9243CA4}.Release|Any CPU.Build.0 = Release|Any CPU
		{A280C318-2D35-475C-B358-5FA69BF9601E}.Debug|Any CPU.ActiveCfg = Debug|Any CPU
		{A280C318-2D35-475C-B358-5FA69BF9601E}.Debug|Any CPU.Build.0 = Debug|Any CPU
		{A280C318-2D35-475C-B358-5FA69BF9601E}.Release|Any CPU.ActiveCfg = Release|Any CPU
		{A280C318-2D35-475C-B358-5FA69BF9601E}.Release|Any CPU.Build.0 = Release|Any CPU
		{60F1014B-FBCC-42C2-95F1-38B6C123C425}.Debug|Any CPU.ActiveCfg = Debug|Any CPU
		{60F1014B-FBCC-42C2-95F1-38B6C123C425}.Debug|Any CPU.Build.0 = Debug|Any CPU
		{60F1014B-FBCC-42C2-95F1-38B6C123C425}.Release|Any CPU.ActiveCfg = Release|Any CPU
		{60F1014B-FBCC-42C2-95F1-38B6C123C425}.Release|Any CPU.Build.0 = Release|Any CPU
		{9C7AF4AF-6757-41FC-953B-5752D5F57B4C}.Debug|Any CPU.ActiveCfg = Debug|Any CPU
		{9C7AF4AF-6757-41FC-953B-5752D5F57B4C}.Debug|Any CPU.Build.0 = Debug|Any CPU
		{9C7AF4AF-6757-41FC-953B-5752D5F57B4C}.Release|Any CPU.ActiveCfg = Release|Any CPU
		{9C7AF4AF-6757-41FC-953B-5752D5F57B4C}.Release|Any CPU.Build.0 = Release|Any CPU
		{D285E05C-D1CA-4CA0-B9EE-C79E9B80B53B}.Debug|Any CPU.ActiveCfg = Debug|Any CPU
		{D285E05C-D1CA-4CA0-B9EE-C79E9B80B53B}.Debug|Any CPU.Build.0 = Debug|Any CPU
		{D285E05C-D1CA-4CA0-B9EE-C79E9B80B53B}.Release|Any CPU.ActiveCfg = Release|Any CPU
		{D285E05C-D1CA-4CA0-B9EE-C79E9B80B53B}.Release|Any CPU.Build.0 = Release|Any CPU
		{5E0F5C2F-0105-4709-9553-48101BB78A4B}.Debug|Any CPU.ActiveCfg = Debug|Any CPU
		{5E0F5C2F-0105-4709-9553-48101BB78A4B}.Debug|Any CPU.Build.0 = Debug|Any CPU
		{5E0F5C2F-0105-4709-9553-48101BB78A4B}.Release|Any CPU.ActiveCfg = Release|Any CPU
		{5E0F5C2F-0105-4709-9553-48101BB78A4B}.Release|Any CPU.Build.0 = Release|Any CPU
	EndGlobalSection
	GlobalSection(SolutionProperties) = preSolution
		HideSolutionNode = FALSE
	EndGlobalSection
	GlobalSection(SubversionScc) = preSolution
		Svn-Managed = True
		Manager = AnkhSVN - Subversion Support for Visual Studio
	EndGlobalSection
EndGlobal
