
Microsoft Visual Studio Solution File, Format Version 12.00
# Visual Studio 2013
VisualStudioVersion = 12.0.30110.0
MinimumVisualStudioVersion = 10.0.40219.1
Project("{FAE04EC0-301F-11D3-BF4B-00C04F79EFBC}") = "Publico", "Publico\Publico.csproj", "{EF613AA9-854D-4D04-ADBA-AC156661CD58}"
	ProjectSection(ProjectDependencies) = postProject
		{7F898E80-F828-4618-B27B-2D039DCB461E} = {7F898E80-F828-4618-B27B-2D039DCB461E}
		{D73EDCC9-8660-4AE7-B2D4-56F907F5DB5C} = {D73EDCC9-8660-4AE7-B2D4-56F907F5DB5C}
		{7F7481CD-3199-43DA-BCB5-1C1C9797BFCE} = {7F7481CD-3199-43DA-BCB5-1C1C9797BFCE}
	EndProjectSection
EndProject
Project("{FAE04EC0-301F-11D3-BF4B-00C04F79EFBC}") = "Publico.Model", "Publico.Model\Publico.Model.csproj", "{814B0933-8D99-4F22-8EB2-2437392DF7AB}"
	ProjectSection(ProjectDependencies) = postProject
		{707F196A-8A05-4B96-92E1-E60335DDC933} = {707F196A-8A05-4B96-92E1-E60335DDC933}
		{7F898E80-F828-4618-B27B-2D039DCB461E} = {7F898E80-F828-4618-B27B-2D039DCB461E}
		{D73EDCC9-8660-4AE7-B2D4-56F907F5DB5C} = {D73EDCC9-8660-4AE7-B2D4-56F907F5DB5C}
		{7F7481CD-3199-43DA-BCB5-1C1C9797BFCE} = {7F7481CD-3199-43DA-BCB5-1C1C9797BFCE}
	EndProjectSection
EndProject
Project("{FAE04EC0-301F-11D3-BF4B-00C04F79EFBC}") = "Blocos.Etx", "..\..\lib\src\Blocos.Etx\Blocos.Etx.csproj", "{7F898E80-F828-4618-B27B-2D039DCB461E}"
	ProjectSection(ProjectDependencies) = postProject
		{707F196A-8A05-4B96-92E1-E60335DDC933} = {707F196A-8A05-4B96-92E1-E60335DDC933}
	EndProjectSection
EndProject
Project("{FAE04EC0-301F-11D3-BF4B-00C04F79EFBC}") = "Configuracao", "..\..\lib\src\Configuracao\Configuracao.csproj", "{D73EDCC9-8660-4AE7-B2D4-56F907F5DB5C}"
	ProjectSection(ProjectDependencies) = postProject
		{707F196A-8A05-4B96-92E1-E60335DDC933} = {707F196A-8A05-4B96-92E1-E60335DDC933}
	EndProjectSection
EndProject
Project("{FAE04EC0-301F-11D3-BF4B-00C04F79EFBC}") = "Interno.Model.RelatorioIndividual", "..\EtramiteX\Relatorio\Interno.Model.RelatorioIndividual.csproj", "{7F7481CD-3199-43DA-BCB5-1C1C9797BFCE}"
EndProject
Project("{FAE04EC0-301F-11D3-BF4B-00C04F79EFBC}") = "Blocos.Entities", "..\..\lib\src\Blocos.Entities\Blocos.Entities.csproj", "{707F196A-8A05-4B96-92E1-E60335DDC933}"
EndProject
Global
	GlobalSection(SolutionConfigurationPlatforms) = preSolution
		Debug|Any CPU = Debug|Any CPU
		Release|Any CPU = Release|Any CPU
	EndGlobalSection
	GlobalSection(ProjectConfigurationPlatforms) = postSolution
		{EF613AA9-854D-4D04-ADBA-AC156661CD58}.Debug|Any CPU.ActiveCfg = Debug|Any CPU
		{EF613AA9-854D-4D04-ADBA-AC156661CD58}.Debug|Any CPU.Build.0 = Debug|Any CPU
		{EF613AA9-854D-4D04-ADBA-AC156661CD58}.Release|Any CPU.ActiveCfg = Release|Any CPU
		{EF613AA9-854D-4D04-ADBA-AC156661CD58}.Release|Any CPU.Build.0 = Release|Any CPU
		{814B0933-8D99-4F22-8EB2-2437392DF7AB}.Debug|Any CPU.ActiveCfg = Debug|Any CPU
		{814B0933-8D99-4F22-8EB2-2437392DF7AB}.Debug|Any CPU.Build.0 = Debug|Any CPU
		{814B0933-8D99-4F22-8EB2-2437392DF7AB}.Release|Any CPU.ActiveCfg = Release|Any CPU
		{814B0933-8D99-4F22-8EB2-2437392DF7AB}.Release|Any CPU.Build.0 = Release|Any CPU
		{7F898E80-F828-4618-B27B-2D039DCB461E}.Debug|Any CPU.ActiveCfg = Debug|Any CPU
		{7F898E80-F828-4618-B27B-2D039DCB461E}.Debug|Any CPU.Build.0 = Debug|Any CPU
		{7F898E80-F828-4618-B27B-2D039DCB461E}.Release|Any CPU.ActiveCfg = Release|Any CPU
		{7F898E80-F828-4618-B27B-2D039DCB461E}.Release|Any CPU.Build.0 = Release|Any CPU
		{D73EDCC9-8660-4AE7-B2D4-56F907F5DB5C}.Debug|Any CPU.ActiveCfg = Debug|Any CPU
		{D73EDCC9-8660-4AE7-B2D4-56F907F5DB5C}.Debug|Any CPU.Build.0 = Debug|Any CPU
		{D73EDCC9-8660-4AE7-B2D4-56F907F5DB5C}.Release|Any CPU.ActiveCfg = Release|Any CPU
		{D73EDCC9-8660-4AE7-B2D4-56F907F5DB5C}.Release|Any CPU.Build.0 = Release|Any CPU
		{7F7481CD-3199-43DA-BCB5-1C1C9797BFCE}.Debug|Any CPU.ActiveCfg = Debug|Any CPU
		{7F7481CD-3199-43DA-BCB5-1C1C9797BFCE}.Debug|Any CPU.Build.0 = Debug|Any CPU
		{7F7481CD-3199-43DA-BCB5-1C1C9797BFCE}.Release|Any CPU.ActiveCfg = Release|Any CPU
		{7F7481CD-3199-43DA-BCB5-1C1C9797BFCE}.Release|Any CPU.Build.0 = Release|Any CPU
		{707F196A-8A05-4B96-92E1-E60335DDC933}.Debug|Any CPU.ActiveCfg = Debug|Any CPU
		{707F196A-8A05-4B96-92E1-E60335DDC933}.Debug|Any CPU.Build.0 = Debug|Any CPU
		{707F196A-8A05-4B96-92E1-E60335DDC933}.Release|Any CPU.ActiveCfg = Release|Any CPU
		{707F196A-8A05-4B96-92E1-E60335DDC933}.Release|Any CPU.Build.0 = Release|Any CPU
	EndGlobalSection
	GlobalSection(SolutionProperties) = preSolution
		HideSolutionNode = FALSE
	EndGlobalSection
EndGlobal
